
Microsoft Visual Studio Solution File, Format Version 12.00
# Visual Studio Version 17
VisualStudioVersion = 17.4.33205.214
MinimumVisualStudioVersion = 10.0.40219.1
Project("{FAE04EC0-301F-11D3-BF4B-00C04F79EFBC}") = "MembrosStaticos", "MembrosStaticos.csproj", "{AE8080F0-1DB3-43C8-8982-9E01A9874092}"
EndProject
Global
	GlobalSection(SolutionConfigurationPlatforms) = preSolution
		Debug|Any CPU = Debug|Any CPU
		Release|Any CPU = Release|Any CPU
	EndGlobalSection
	GlobalSection(ProjectConfigurationPlatforms) = postSolution
		{AE8080F0-1DB3-43C8-8982-9E01A9874092}.Debug|Any CPU.ActiveCfg = Debug|Any CPU
		{AE8080F0-1DB3-43C8-8982-9E01A9874092}.Debug|Any CPU.Build.0 = Debug|Any CPU
		{AE8080F0-1DB3-43C8-8982-9E01A9874092}.Release|Any CPU.ActiveCfg = Release|Any CPU
		{AE8080F0-1DB3-43C8-8982-9E01A9874092}.Release|Any CPU.Build.0 = Release|Any CPU
	EndGlobalSection
	GlobalSection(SolutionProperties) = preSolution
		HideSolutionNode = FALSE
	EndGlobalSection
	GlobalSection(ExtensibilityGlobals) = postSolution
		SolutionGuid = {A93097E6-E9E3-47FB-A5EB-17939F388785}
	EndGlobalSection
EndGlobal
